%{
  "cerlc": {:hex, :cerlc, "0.2.1", "cfe0880aa049ebcca079ca49578055aa48e7f2e9ed8ae08bd1f919d59015d03f", [:rebar3], [], "hexpm", "37f0d74a4277dcbaf64c7c47e9953dcc8060d26d86bb466ab2a86928e0181a7d"},
  "circuits_gpio": {:hex, :circuits_gpio, "2.1.2", "b4efcf84e6a74910b9fd0488d9fc8177d1cf80bb585782caaafc91bb035a74a4", [:make, :mix], [{:elixir_make, "~> 0.6", [hex: :elixir_make, repo: "hexpm", optional: false]}], "hexpm", "4b7c9de074a3c00937c01b0cd8781dd9114b1eb4705e99e7a22d46ad4899e157"},
  "circuits_i2c": {:git, "https://github.com/elixir-circuits/circuits_i2c.git", "b575c181dbcec092baa65436a042732d5d93d18b", [branch: "dont-load-nif-if-not-built"]},
  "circuits_sim": {:hex, :circuits_sim, "0.1.2", "0339cd0be91e0e878b79cbaa399a933686f7155991c46df5d978b5971ecd4390", [:mix], [{:cerlc, "~> 0.2.1", [hex: :cerlc, repo: "hexpm", optional: false]}, {:circuits_gpio, "~> 2.0", [hex: :circuits_gpio, repo: "hexpm", optional: false]}, {:circuits_i2c, "~> 2.0", [hex: :circuits_i2c, repo: "hexpm", optional: false]}, {:circuits_spi, "~> 2.0", [hex: :circuits_spi, repo: "hexpm", optional: false]}], "hexpm", "7ff34010f417c2c902f3b2995bd2c2fe0d7981188adf92fa73ae6b9e3c57323d"},
  "circuits_spi": {:hex, :circuits_spi, "2.0.4", "b75f64c0401e3c64319dcfc76a9bc17466e4469adc5daf34165f4c4b11cf12ee", [:make, :mix], [{:elixir_make, "~> 0.6", [hex: :elixir_make, repo: "hexpm", optional: false]}], "hexpm", "ccf034065091f26c624dee777ea3f48ce64696af812622e1d060b2cffdbf90e4"},
  "elixir_make": {:hex, :elixir_make, "0.9.0", "6484b3cd8c0cee58f09f05ecaf1a140a8c97670671a6a0e7ab4dc326c3109726", [:mix], [], "hexpm", "db23d4fd8b757462ad02f8aa73431a426fe6671c80b200d9710caf3d1dd0ffdb"},
}
